// !$*UTF8*$!
{
	archiveVersion = 1;
	classes = {
	};
	objectVersion = 46;
	objects = {

/* Begin PBXBuildFile section */
		0302615619177EF10096636E /* libsqlite3.dylib in Frameworks */ = {isa = PBXBuildFile; fileRef = 0302615519177EF10096636E /* libsqlite3.dylib */; };
		0302615919177F410096636E /* HNYTSQLite3ViewController.m in Sources */ = {isa = PBXBuildFile; fileRef = 0302615819177F410096636E /* HNYTSQLite3ViewController.m */; };
		03328D4C190101F0006C5461 /* PopoverView.m in Sources */ = {isa = PBXBuildFile; fileRef = 03328D4B190101F0006C5461 /* PopoverView.m */; };
		0348925C1919D0B100A4E605 /* HNYTCoreData.xcdatamodeld in Sources */ = {isa = PBXBuildFile; fileRef = 0348925A1919D0B100A4E605 /* HNYTCoreData.xcdatamodeld */; };
		034892621919DB8200A4E605 /* UserEntity.m in Sources */ = {isa = PBXBuildFile; fileRef = 034892611919DB8200A4E605 /* UserEntity.m */; };
		0373BB54190F338D00FAC72E /* HNTAutorotateViewController.m in Sources */ = {isa = PBXBuildFile; fileRef = 0373BB53190F338D00FAC72E /* HNTAutorotateViewController.m */; };
		0374411418FB7E0C00736C08 /* EGORefreshTableHeaderView.m in Sources */ = {isa = PBXBuildFile; fileRef = 0374411318FB7E0C00736C08 /* EGORefreshTableHeaderView.m */; };
		0374411718FB848500736C08 /* EGORefreshTableFooterView.m in Sources */ = {isa = PBXBuildFile; fileRef = 0374411618FB848500736C08 /* EGORefreshTableFooterView.m */; };
		0374411D18FBA20500736C08 /* pullArrow.png in Resources */ = {isa = PBXBuildFile; fileRef = 0374411918FBA20500736C08 /* pullArrow.png */; };
		0374411E18FBA20500736C08 /* pullArrow@2x.png in Resources */ = {isa = PBXBuildFile; fileRef = 0374411A18FBA20500736C08 /* pullArrow@2x.png */; };
		0374411F18FBA20500736C08 /* pullArrowDark.png in Resources */ = {isa = PBXBuildFile; fileRef = 0374411B18FBA20500736C08 /* pullArrowDark.png */; };
		0374412018FBA20500736C08 /* pullArrowDark@2x.png in Resources */ = {isa = PBXBuildFile; fileRef = 0374411C18FBA20500736C08 /* pullArrowDark@2x.png */; };
		038070D3191B6177002C5054 /* NSObject+SBJSON.m in Sources */ = {isa = PBXBuildFile; fileRef = 038070C8191B6177002C5054 /* NSObject+SBJSON.m */; settings = {COMPILER_FLAGS = "-fno-objc-arc"; }; };
		038070D4191B6177002C5054 /* NSString+SBJSON.m in Sources */ = {isa = PBXBuildFile; fileRef = 038070CA191B6177002C5054 /* NSString+SBJSON.m */; settings = {COMPILER_FLAGS = "-fno-objc-arc"; }; };
		038070D5191B6177002C5054 /* SBJSON.m in Sources */ = {isa = PBXBuildFile; fileRef = 038070CC191B6177002C5054 /* SBJSON.m */; settings = {COMPILER_FLAGS = "-fno-objc-arc"; }; };
		038070D6191B6177002C5054 /* SBJsonBase.m in Sources */ = {isa = PBXBuildFile; fileRef = 038070CE191B6177002C5054 /* SBJsonBase.m */; settings = {COMPILER_FLAGS = "-fno-objc-arc"; }; };
		038070D7191B6177002C5054 /* SBJsonParser.m in Sources */ = {isa = PBXBuildFile; fileRef = 038070D0191B6177002C5054 /* SBJsonParser.m */; settings = {COMPILER_FLAGS = "-fno-objc-arc"; }; };
		038070D8191B6177002C5054 /* SBJsonWriter.m in Sources */ = {isa = PBXBuildFile; fileRef = 038070D2191B6177002C5054 /* SBJsonWriter.m */; settings = {COMPILER_FLAGS = "-fno-objc-arc"; }; };
		038070ED191B6B44002C5054 /* AFHTTPRequestOperation.m in Sources */ = {isa = PBXBuildFile; fileRef = 038070DB191B6B44002C5054 /* AFHTTPRequestOperation.m */; };
		038070EE191B6B44002C5054 /* AFHTTPRequestOperationManager.m in Sources */ = {isa = PBXBuildFile; fileRef = 038070DD191B6B44002C5054 /* AFHTTPRequestOperationManager.m */; };
		038070EF191B6B44002C5054 /* AFHTTPSessionManager.m in Sources */ = {isa = PBXBuildFile; fileRef = 038070DF191B6B44002C5054 /* AFHTTPSessionManager.m */; };
		038070F0191B6B44002C5054 /* AFNetworkReachabilityManager.m in Sources */ = {isa = PBXBuildFile; fileRef = 038070E2191B6B44002C5054 /* AFNetworkReachabilityManager.m */; };
		038070F1191B6B44002C5054 /* AFSecurityPolicy.m in Sources */ = {isa = PBXBuildFile; fileRef = 038070E4191B6B44002C5054 /* AFSecurityPolicy.m */; };
		038070F2191B6B44002C5054 /* AFURLConnectionOperation.m in Sources */ = {isa = PBXBuildFile; fileRef = 038070E6191B6B44002C5054 /* AFURLConnectionOperation.m */; };
		038070F3191B6B44002C5054 /* AFURLRequestSerialization.m in Sources */ = {isa = PBXBuildFile; fileRef = 038070E8191B6B44002C5054 /* AFURLRequestSerialization.m */; };
		038070F4191B6B44002C5054 /* AFURLResponseSerialization.m in Sources */ = {isa = PBXBuildFile; fileRef = 038070EA191B6B44002C5054 /* AFURLResponseSerialization.m */; };
		038070F5191B6B44002C5054 /* AFURLSessionManager.m in Sources */ = {isa = PBXBuildFile; fileRef = 038070EC191B6B44002C5054 /* AFURLSessionManager.m */; };
		03807108191B6B72002C5054 /* AFNetworkActivityIndicatorManager.m in Sources */ = {isa = PBXBuildFile; fileRef = 038070F8191B6B72002C5054 /* AFNetworkActivityIndicatorManager.m */; };
		03807109191B6B72002C5054 /* UIActivityIndicatorView+AFNetworking.m in Sources */ = {isa = PBXBuildFile; fileRef = 038070FA191B6B72002C5054 /* UIActivityIndicatorView+AFNetworking.m */; };
		0380710A191B6B72002C5054 /* UIAlertView+AFNetworking.m in Sources */ = {isa = PBXBuildFile; fileRef = 038070FC191B6B72002C5054 /* UIAlertView+AFNetworking.m */; };
		0380710B191B6B72002C5054 /* UIButton+AFNetworking.m in Sources */ = {isa = PBXBuildFile; fileRef = 038070FE191B6B72002C5054 /* UIButton+AFNetworking.m */; };
		0380710C191B6B72002C5054 /* UIImageView+AFNetworking.m in Sources */ = {isa = PBXBuildFile; fileRef = 03807100191B6B72002C5054 /* UIImageView+AFNetworking.m */; };
		0380710D191B6B72002C5054 /* UIProgressView+AFNetworking.m in Sources */ = {isa = PBXBuildFile; fileRef = 03807103191B6B72002C5054 /* UIProgressView+AFNetworking.m */; };
		0380710E191B6B72002C5054 /* UIRefreshControl+AFNetworking.m in Sources */ = {isa = PBXBuildFile; fileRef = 03807105191B6B72002C5054 /* UIRefreshControl+AFNetworking.m */; };
		0380710F191B6B72002C5054 /* UIWebView+AFNetworking.m in Sources */ = {isa = PBXBuildFile; fileRef = 03807107191B6B72002C5054 /* UIWebView+AFNetworking.m */; };
		03807111191B6E0D002C5054 /* libxml2.dylib in Frameworks */ = {isa = PBXBuildFile; fileRef = 03807110191B6E0D002C5054 /* libxml2.dylib */; };
		03807114191B7137002C5054 /* HNYRequest.m in Sources */ = {isa = PBXBuildFile; fileRef = 03807113191B7137002C5054 /* HNYRequest.m */; };
		03807117191B738E002C5054 /* HNYTAFNetworkingViewController.m in Sources */ = {isa = PBXBuildFile; fileRef = 03807116191B738E002C5054 /* HNYTAFNetworkingViewController.m */; };
		03836F3B1918739C00B771F8 /* HNYSQLite3UserViewController.m in Sources */ = {isa = PBXBuildFile; fileRef = 03836F3A1918739C00B771F8 /* HNYSQLite3UserViewController.m */; };
		03836F451918BA0200B771F8 /* HNYTArchivingViewController.m in Sources */ = {isa = PBXBuildFile; fileRef = 03836F441918BA0200B771F8 /* HNYTArchivingViewController.m */; };
		03836F481918C83300B771F8 /* HNYUser.m in Sources */ = {isa = PBXBuildFile; fileRef = 03836F471918C83300B771F8 /* HNYUser.m */; };
		03836F4B1918D1CA00B771F8 /* HNYTPListViewController.m in Sources */ = {isa = PBXBuildFile; fileRef = 03836F4A1918D1CA00B771F8 /* HNYTPListViewController.m */; };
		03836F4E1918D5B900B771F8 /* HNYTCoreDataViewController.m in Sources */ = {isa = PBXBuildFile; fileRef = 03836F4D1918D5B900B771F8 /* HNYTCoreDataViewController.m */; };
		03836F521918DCF200B771F8 /* HNYTFileViewController.m in Sources */ = {isa = PBXBuildFile; fileRef = 03836F511918DCF200B771F8 /* HNYTFileViewController.m */; };
		03863E4B19108BF80098AC3E /* HNYTActionSheetViewController.m in Sources */ = {isa = PBXBuildFile; fileRef = 03863E4A19108BF80098AC3E /* HNYTActionSheetViewController.m */; };
		CA0FB92F18F9800F00BC251D /* Foundation.framework in Frameworks */ = {isa = PBXBuildFile; fileRef = CA0FB92E18F9800F00BC251D /* Foundation.framework */; };
		CA0FB93118F9800F00BC251D /* CoreGraphics.framework in Frameworks */ = {isa = PBXBuildFile; fileRef = CA0FB93018F9800F00BC251D /* CoreGraphics.framework */; };
		CA0FB93318F9800F00BC251D /* UIKit.framework in Frameworks */ = {isa = PBXBuildFile; fileRef = CA0FB93218F9800F00BC251D /* UIKit.framework */; };
		CA0FB93518F9800F00BC251D /* CoreData.framework in Frameworks */ = {isa = PBXBuildFile; fileRef = CA0FB93418F9800F00BC251D /* CoreData.framework */; };
		CA0FB93B18F9800F00BC251D /* InfoPlist.strings in Resources */ = {isa = PBXBuildFile; fileRef = CA0FB93918F9800F00BC251D /* InfoPlist.strings */; };
		CA0FB93D18F9800F00BC251D /* main.m in Sources */ = {isa = PBXBuildFile; fileRef = CA0FB93C18F9800F00BC251D /* main.m */; };
		CA0FB94118F9800F00BC251D /* AppDelegate.m in Sources */ = {isa = PBXBuildFile; fileRef = CA0FB94018F9800F00BC251D /* AppDelegate.m */; };
		CA0FB94618F9801000BC251D /* Images.xcassets in Resources */ = {isa = PBXBuildFile; fileRef = CA0FB94518F9801000BC251D /* Images.xcassets */; };
		CA0FB94D18F9801000BC251D /* XCTest.framework in Frameworks */ = {isa = PBXBuildFile; fileRef = CA0FB94C18F9801000BC251D /* XCTest.framework */; };
		CA0FB94E18F9801000BC251D /* Foundation.framework in Frameworks */ = {isa = PBXBuildFile; fileRef = CA0FB92E18F9800F00BC251D /* Foundation.framework */; };
		CA0FB94F18F9801000BC251D /* UIKit.framework in Frameworks */ = {isa = PBXBuildFile; fileRef = CA0FB93218F9800F00BC251D /* UIKit.framework */; };
		CA0FB95018F9801000BC251D /* CoreData.framework in Frameworks */ = {isa = PBXBuildFile; fileRef = CA0FB93418F9800F00BC251D /* CoreData.framework */; };
		CA0FB95818F9801000BC251D /* InfoPlist.strings in Resources */ = {isa = PBXBuildFile; fileRef = CA0FB95618F9801000BC251D /* InfoPlist.strings */; };
		CA0FB95A18F9801000BC251D /* DemoTests.m in Sources */ = {isa = PBXBuildFile; fileRef = CA0FB95918F9801000BC251D /* DemoTests.m */; };
		CA0FB96518F9877C00BC251D /* MainViewController.m in Sources */ = {isa = PBXBuildFile; fileRef = CA0FB96418F9877C00BC251D /* MainViewController.m */; };
		CA90E4DF19153F7900237A99 /* HNYPopoverView.m in Sources */ = {isa = PBXBuildFile; fileRef = 03328D471900DE18006C5461 /* HNYPopoverView.m */; };
		CAA6B6BD190BFC2500D4192B /* HNYTRefreshTableViewController.m in Sources */ = {isa = PBXBuildFile; fileRef = CAA6B6BC190BFC2500D4192B /* HNYTRefreshTableViewController.m */; };
		CAA6B6C9190C0D9400D4192B /* HNYActionSheet.m in Sources */ = {isa = PBXBuildFile; fileRef = CAA6B6C0190C0D9400D4192B /* HNYActionSheet.m */; };
		CAA6B6CA190C0D9400D4192B /* HNYDownTableView.m in Sources */ = {isa = PBXBuildFile; fileRef = CAA6B6C3190C0D9400D4192B /* HNYDownTableView.m */; };
		CAA6B6CB190C0D9400D4192B /* HNYTableView.m in Sources */ = {isa = PBXBuildFile; fileRef = CAA6B6C6190C0D9400D4192B /* HNYTableView.m */; };
		CAA6B6CC190C0D9400D4192B /* HNYTableViewCell.m in Sources */ = {isa = PBXBuildFile; fileRef = CAA6B6C8190C0D9400D4192B /* HNYTableViewCell.m */; };
		CAA6B6D6190C0DFA00D4192B /* HNYBaseViewController.m in Sources */ = {isa = PBXBuildFile; fileRef = CAA6B6CF190C0DFA00D4192B /* HNYBaseViewController.m */; };
		CAA6B6D7190C0DFB00D4192B /* HNYNavigationBar.m in Sources */ = {isa = PBXBuildFile; fileRef = CAA6B6D2190C0DFA00D4192B /* HNYNavigationBar.m */; };
		CAA6B6D8190C0DFB00D4192B /* HNYTabBar.m in Sources */ = {isa = PBXBuildFile; fileRef = CAA6B6D5190C0DFA00D4192B /* HNYTabBar.m */; };
		CAE7A1D118FAEB4200213ACF /* HNYRefreshTableViewController.m in Sources */ = {isa = PBXBuildFile; fileRef = CAE7A1D018FAEB4200213ACF /* HNYRefreshTableViewController.m */; };
		CAFDAF01190E955C00BAF7EB /* navBar.png in Resources */ = {isa = PBXBuildFile; fileRef = CAFDAEFF190E955C00BAF7EB /* navBar.png */; };
		CAFDAF02190E955C00BAF7EB /* navBar@2x.png in Resources */ = {isa = PBXBuildFile; fileRef = CAFDAF00190E955C00BAF7EB /* navBar@2x.png */; };
/* End PBXBuildFile section */

/* Begin PBXContainerItemProxy section */
		033075DF19206EF30004BF23 /* PBXContainerItemProxy */ = {
			isa = PBXContainerItemProxy;
			containerPortal = 033075DA19206EF20004BF23 /* SideBar.xcodeproj */;
			proxyType = 2;
			remoteGlobalIDString = 033075A819206EF10004BF23;
			remoteInfo = SideBar;
		};
		033075E119206EF30004BF23 /* PBXContainerItemProxy */ = {
			isa = PBXContainerItemProxy;
			containerPortal = 033075DA19206EF20004BF23 /* SideBar.xcodeproj */;
			proxyType = 2;
			remoteGlobalIDString = 033075C319206EF20004BF23;
			remoteInfo = SideBarTests;
		};
		CA0FB95118F9801000BC251D /* PBXContainerItemProxy */ = {
			isa = PBXContainerItemProxy;
			containerPortal = CA0FB92318F9800F00BC251D /* Project object */;
			proxyType = 1;
			remoteGlobalIDString = CA0FB92A18F9800F00BC251D;
			remoteInfo = Demo;
		};
/* End PBXContainerItemProxy section */

/* Begin PBXFileReference section */
		0302615519177EF10096636E /* libsqlite3.dylib */ = {isa = PBXFileReference; lastKnownFileType = "compiled.mach-o.dylib"; name = libsqlite3.dylib; path = usr/lib/libsqlite3.dylib; sourceTree = SDKROOT; };
		0302615719177F410096636E /* HNYTSQLite3ViewController.h */ = {isa = PBXFileReference; fileEncoding = 4; lastKnownFileType = sourcecode.c.h; path = HNYTSQLite3ViewController.h; sourceTree = "<group>"; };
		0302615819177F410096636E /* HNYTSQLite3ViewController.m */ = {isa = PBXFileReference; fileEncoding = 4; lastKnownFileType = sourcecode.c.objc; path = HNYTSQLite3ViewController.m; sourceTree = "<group>"; };
		033075DA19206EF20004BF23 /* SideBar.xcodeproj */ = {isa = PBXFileReference; lastKnownFileType = "wrapper.pb-project"; name = SideBar.xcodeproj; path = SideBar/SideBar.xcodeproj; sourceTree = "<group>"; };
		03328D461900DE18006C5461 /* HNYPopoverView.h */ = {isa = PBXFileReference; fileEncoding = 4; lastKnownFileType = sourcecode.c.h; path = HNYPopoverView.h; sourceTree = "<group>"; };
		03328D471900DE18006C5461 /* HNYPopoverView.m */ = {isa = PBXFileReference; fileEncoding = 4; lastKnownFileType = sourcecode.c.objc; path = HNYPopoverView.m; sourceTree = "<group>"; };
		03328D4A190101F0006C5461 /* PopoverView.h */ = {isa = PBXFileReference; fileEncoding = 4; lastKnownFileType = sourcecode.c.h; path = PopoverView.h; sourceTree = "<group>"; };
		03328D4B190101F0006C5461 /* PopoverView.m */ = {isa = PBXFileReference; fileEncoding = 4; lastKnownFileType = sourcecode.c.objc; path = PopoverView.m; sourceTree = "<group>"; };
		0348925B1919D0B100A4E605 /* HNYTCoreData.xcdatamodel */ = {isa = PBXFileReference; lastKnownFileType = wrapper.xcdatamodel; path = HNYTCoreData.xcdatamodel; sourceTree = "<group>"; };
		034892601919DB8200A4E605 /* UserEntity.h */ = {isa = PBXFileReference; fileEncoding = 4; lastKnownFileType = sourcecode.c.h; path = UserEntity.h; sourceTree = "<group>"; };
		034892611919DB8200A4E605 /* UserEntity.m */ = {isa = PBXFileReference; fileEncoding = 4; lastKnownFileType = sourcecode.c.objc; path = UserEntity.m; sourceTree = "<group>"; };
		0373BB52190F338D00FAC72E /* HNTAutorotateViewController.h */ = {isa = PBXFileReference; fileEncoding = 4; lastKnownFileType = sourcecode.c.h; path = HNTAutorotateViewController.h; sourceTree = "<group>"; };
		0373BB53190F338D00FAC72E /* HNTAutorotateViewController.m */ = {isa = PBXFileReference; fileEncoding = 4; lastKnownFileType = sourcecode.c.objc; path = HNTAutorotateViewController.m; sourceTree = "<group>"; };
		0374411218FB7E0C00736C08 /* EGORefreshTableHeaderView.h */ = {isa = PBXFileReference; fileEncoding = 4; lastKnownFileType = sourcecode.c.h; path = EGORefreshTableHeaderView.h; sourceTree = "<group>"; };
		0374411318FB7E0C00736C08 /* EGORefreshTableHeaderView.m */ = {isa = PBXFileReference; fileEncoding = 4; lastKnownFileType = sourcecode.c.objc; path = EGORefreshTableHeaderView.m; sourceTree = "<group>"; };
		0374411518FB848500736C08 /* EGORefreshTableFooterView.h */ = {isa = PBXFileReference; fileEncoding = 4; lastKnownFileType = sourcecode.c.h; path = EGORefreshTableFooterView.h; sourceTree = "<group>"; };
		0374411618FB848500736C08 /* EGORefreshTableFooterView.m */ = {isa = PBXFileReference; fileEncoding = 4; lastKnownFileType = sourcecode.c.objc; path = EGORefreshTableFooterView.m; sourceTree = "<group>"; };
		0374411918FBA20500736C08 /* pullArrow.png */ = {isa = PBXFileReference; lastKnownFileType = image.png; path = pullArrow.png; sourceTree = "<group>"; };
		0374411A18FBA20500736C08 /* pullArrow@2x.png */ = {isa = PBXFileReference; lastKnownFileType = image.png; path = "pullArrow@2x.png"; sourceTree = "<group>"; };
		0374411B18FBA20500736C08 /* pullArrowDark.png */ = {isa = PBXFileReference; lastKnownFileType = image.png; path = pullArrowDark.png; sourceTree = "<group>"; };
		0374411C18FBA20500736C08 /* pullArrowDark@2x.png */ = {isa = PBXFileReference; lastKnownFileType = image.png; path = "pullArrowDark@2x.png"; sourceTree = "<group>"; };
		038070C6191B6177002C5054 /* JSON.h */ = {isa = PBXFileReference; fileEncoding = 4; lastKnownFileType = sourcecode.c.h; path = JSON.h; sourceTree = "<group>"; };
		038070C7191B6177002C5054 /* NSObject+SBJSON.h */ = {isa = PBXFileReference; fileEncoding = 4; lastKnownFileType = sourcecode.c.h; path = "NSObject+SBJSON.h"; sourceTree = "<group>"; };
		038070C8191B6177002C5054 /* NSObject+SBJSON.m */ = {isa = PBXFileReference; fileEncoding = 4; lastKnownFileType = sourcecode.c.objc; path = "NSObject+SBJSON.m"; sourceTree = "<group>"; };
		038070C9191B6177002C5054 /* NSString+SBJSON.h */ = {isa = PBXFileReference; fileEncoding = 4; lastKnownFileType = sourcecode.c.h; path = "NSString+SBJSON.h"; sourceTree = "<group>"; };
		038070CA191B6177002C5054 /* NSString+SBJSON.m */ = {isa = PBXFileReference; fileEncoding = 4; lastKnownFileType = sourcecode.c.objc; path = "NSString+SBJSON.m"; sourceTree = "<group>"; };
		038070CB191B6177002C5054 /* SBJSON.h */ = {isa = PBXFileReference; fileEncoding = 4; lastKnownFileType = sourcecode.c.h; path = SBJSON.h; sourceTree = "<group>"; };
		038070CC191B6177002C5054 /* SBJSON.m */ = {isa = PBXFileReference; fileEncoding = 4; lastKnownFileType = sourcecode.c.objc; path = SBJSON.m; sourceTree = "<group>"; };
		038070CD191B6177002C5054 /* SBJsonBase.h */ = {isa = PBXFileReference; fileEncoding = 4; lastKnownFileType = sourcecode.c.h; path = SBJsonBase.h; sourceTree = "<group>"; };
		038070CE191B6177002C5054 /* SBJsonBase.m */ = {isa = PBXFileReference; fileEncoding = 4; lastKnownFileType = sourcecode.c.objc; path = SBJsonBase.m; sourceTree = "<group>"; };
		038070CF191B6177002C5054 /* SBJsonParser.h */ = {isa = PBXFileReference; fileEncoding = 4; lastKnownFileType = sourcecode.c.h; path = SBJsonParser.h; sourceTree = "<group>"; };
		038070D0191B6177002C5054 /* SBJsonParser.m */ = {isa = PBXFileReference; fileEncoding = 4; lastKnownFileType = sourcecode.c.objc; path = SBJsonParser.m; sourceTree = "<group>"; };
		038070D1191B6177002C5054 /* SBJsonWriter.h */ = {isa = PBXFileReference; fileEncoding = 4; lastKnownFileType = sourcecode.c.h; path = SBJsonWriter.h; sourceTree = "<group>"; };
		038070D2191B6177002C5054 /* SBJsonWriter.m */ = {isa = PBXFileReference; fileEncoding = 4; lastKnownFileType = sourcecode.c.objc; path = SBJsonWriter.m; sourceTree = "<group>"; };
		038070DA191B6B44002C5054 /* AFHTTPRequestOperation.h */ = {isa = PBXFileReference; fileEncoding = 4; lastKnownFileType = sourcecode.c.h; path = AFHTTPRequestOperation.h; sourceTree = "<group>"; };
		038070DB191B6B44002C5054 /* AFHTTPRequestOperation.m */ = {isa = PBXFileReference; fileEncoding = 4; lastKnownFileType = sourcecode.c.objc; path = AFHTTPRequestOperation.m; sourceTree = "<group>"; };
		038070DC191B6B44002C5054 /* AFHTTPRequestOperationManager.h */ = {isa = PBXFileReference; fileEncoding = 4; lastKnownFileType = sourcecode.c.h; path = AFHTTPRequestOperationManager.h; sourceTree = "<group>"; };
		038070DD191B6B44002C5054 /* AFHTTPRequestOperationManager.m */ = {isa = PBXFileReference; fileEncoding = 4; lastKnownFileType = sourcecode.c.objc; path = AFHTTPRequestOperationManager.m; sourceTree = "<group>"; };
		038070DE191B6B44002C5054 /* AFHTTPSessionManager.h */ = {isa = PBXFileReference; fileEncoding = 4; lastKnownFileType = sourcecode.c.h; path = AFHTTPSessionManager.h; sourceTree = "<group>"; };
		038070DF191B6B44002C5054 /* AFHTTPSessionManager.m */ = {isa = PBXFileReference; fileEncoding = 4; lastKnownFileType = sourcecode.c.objc; path = AFHTTPSessionManager.m; sourceTree = "<group>"; };
		038070E0191B6B44002C5054 /* AFNetworking.h */ = {isa = PBXFileReference; fileEncoding = 4; lastKnownFileType = sourcecode.c.h; path = AFNetworking.h; sourceTree = "<group>"; };
		038070E1191B6B44002C5054 /* AFNetworkReachabilityManager.h */ = {isa = PBXFileReference; fileEncoding = 4; lastKnownFileType = sourcecode.c.h; path = AFNetworkReachabilityManager.h; sourceTree = "<group>"; };
		038070E2191B6B44002C5054 /* AFNetworkReachabilityManager.m */ = {isa = PBXFileReference; fileEncoding = 4; lastKnownFileType = sourcecode.c.objc; path = AFNetworkReachabilityManager.m; sourceTree = "<group>"; };
		038070E3191B6B44002C5054 /* AFSecurityPolicy.h */ = {isa = PBXFileReference; fileEncoding = 4; lastKnownFileType = sourcecode.c.h; path = AFSecurityPolicy.h; sourceTree = "<group>"; };
		038070E4191B6B44002C5054 /* AFSecurityPolicy.m */ = {isa = PBXFileReference; fileEncoding = 4; lastKnownFileType = sourcecode.c.objc; path = AFSecurityPolicy.m; sourceTree = "<group>"; };
		038070E5191B6B44002C5054 /* AFURLConnectionOperation.h */ = {isa = PBXFileReference; fileEncoding = 4; lastKnownFileType = sourcecode.c.h; path = AFURLConnectionOperation.h; sourceTree = "<group>"; };
		038070E6191B6B44002C5054 /* AFURLConnectionOperation.m */ = {isa = PBXFileReference; fileEncoding = 4; lastKnownFileType = sourcecode.c.objc; path = AFURLConnectionOperation.m; sourceTree = "<group>"; };
		038070E7191B6B44002C5054 /* AFURLRequestSerialization.h */ = {isa = PBXFileReference; fileEncoding = 4; lastKnownFileType = sourcecode.c.h; path = AFURLRequestSerialization.h; sourceTree = "<group>"; };
		038070E8191B6B44002C5054 /* AFURLRequestSerialization.m */ = {isa = PBXFileReference; fileEncoding = 4; lastKnownFileType = sourcecode.c.objc; path = AFURLRequestSerialization.m; sourceTree = "<group>"; };
		038070E9191B6B44002C5054 /* AFURLResponseSerialization.h */ = {isa = PBXFileReference; fileEncoding = 4; lastKnownFileType = sourcecode.c.h; path = AFURLResponseSerialization.h; sourceTree = "<group>"; };
		038070EA191B6B44002C5054 /* AFURLResponseSerialization.m */ = {isa = PBXFileReference; fileEncoding = 4; lastKnownFileType = sourcecode.c.objc; path = AFURLResponseSerialization.m; sourceTree = "<group>"; };
		038070EB191B6B44002C5054 /* AFURLSessionManager.h */ = {isa = PBXFileReference; fileEncoding = 4; lastKnownFileType = sourcecode.c.h; path = AFURLSessionManager.h; sourceTree = "<group>"; };
		038070EC191B6B44002C5054 /* AFURLSessionManager.m */ = {isa = PBXFileReference; fileEncoding = 4; lastKnownFileType = sourcecode.c.objc; path = AFURLSessionManager.m; sourceTree = "<group>"; };
		038070F7191B6B72002C5054 /* AFNetworkActivityIndicatorManager.h */ = {isa = PBXFileReference; fileEncoding = 4; lastKnownFileType = sourcecode.c.h; path = AFNetworkActivityIndicatorManager.h; sourceTree = "<group>"; };
		038070F8191B6B72002C5054 /* AFNetworkActivityIndicatorManager.m */ = {isa = PBXFileReference; fileEncoding = 4; lastKnownFileType = sourcecode.c.objc; path = AFNetworkActivityIndicatorManager.m; sourceTree = "<group>"; };
		038070F9191B6B72002C5054 /* UIActivityIndicatorView+AFNetworking.h */ = {isa = PBXFileReference; fileEncoding = 4; lastKnownFileType = sourcecode.c.h; path = "UIActivityIndicatorView+AFNetworking.h"; sourceTree = "<group>"; };
		038070FA191B6B72002C5054 /* UIActivityIndicatorView+AFNetworking.m */ = {isa = PBXFileReference; fileEncoding = 4; lastKnownFileType = sourcecode.c.objc; path = "UIActivityIndicatorView+AFNetworking.m"; sourceTree = "<group>"; };
		038070FB191B6B72002C5054 /* UIAlertView+AFNetworking.h */ = {isa = PBXFileReference; fileEncoding = 4; lastKnownFileType = sourcecode.c.h; path = "UIAlertView+AFNetworking.h"; sourceTree = "<group>"; };
		038070FC191B6B72002C5054 /* UIAlertView+AFNetworking.m */ = {isa = PBXFileReference; fileEncoding = 4; lastKnownFileType = sourcecode.c.objc; path = "UIAlertView+AFNetworking.m"; sourceTree = "<group>"; };
		038070FD191B6B72002C5054 /* UIButton+AFNetworking.h */ = {isa = PBXFileReference; fileEncoding = 4; lastKnownFileType = sourcecode.c.h; path = "UIButton+AFNetworking.h"; sourceTree = "<group>"; };
		038070FE191B6B72002C5054 /* UIButton+AFNetworking.m */ = {isa = PBXFileReference; fileEncoding = 4; lastKnownFileType = sourcecode.c.objc; path = "UIButton+AFNetworking.m"; sourceTree = "<group>"; };
		038070FF191B6B72002C5054 /* UIImageView+AFNetworking.h */ = {isa = PBXFileReference; fileEncoding = 4; lastKnownFileType = sourcecode.c.h; path = "UIImageView+AFNetworking.h"; sourceTree = "<group>"; };
		03807100191B6B72002C5054 /* UIImageView+AFNetworking.m */ = {isa = PBXFileReference; fileEncoding = 4; lastKnownFileType = sourcecode.c.objc; path = "UIImageView+AFNetworking.m"; sourceTree = "<group>"; };
		03807101191B6B72002C5054 /* UIKit+AFNetworking.h */ = {isa = PBXFileReference; fileEncoding = 4; lastKnownFileType = sourcecode.c.h; path = "UIKit+AFNetworking.h"; sourceTree = "<group>"; };
		03807102191B6B72002C5054 /* UIProgressView+AFNetworking.h */ = {isa = PBXFileReference; fileEncoding = 4; lastKnownFileType = sourcecode.c.h; path = "UIProgressView+AFNetworking.h"; sourceTree = "<group>"; };
		03807103191B6B72002C5054 /* UIProgressView+AFNetworking.m */ = {isa = PBXFileReference; fileEncoding = 4; lastKnownFileType = sourcecode.c.objc; path = "UIProgressView+AFNetworking.m"; sourceTree = "<group>"; };
		03807104191B6B72002C5054 /* UIRefreshControl+AFNetworking.h */ = {isa = PBXFileReference; fileEncoding = 4; lastKnownFileType = sourcecode.c.h; path = "UIRefreshControl+AFNetworking.h"; sourceTree = "<group>"; };
		03807105191B6B72002C5054 /* UIRefreshControl+AFNetworking.m */ = {isa = PBXFileReference; fileEncoding = 4; lastKnownFileType = sourcecode.c.objc; path = "UIRefreshControl+AFNetworking.m"; sourceTree = "<group>"; };
		03807106191B6B72002C5054 /* UIWebView+AFNetworking.h */ = {isa = PBXFileReference; fileEncoding = 4; lastKnownFileType = sourcecode.c.h; path = "UIWebView+AFNetworking.h"; sourceTree = "<group>"; };
		03807107191B6B72002C5054 /* UIWebView+AFNetworking.m */ = {isa = PBXFileReference; fileEncoding = 4; lastKnownFileType = sourcecode.c.objc; path = "UIWebView+AFNetworking.m"; sourceTree = "<group>"; };
		03807110191B6E0D002C5054 /* libxml2.dylib */ = {isa = PBXFileReference; lastKnownFileType = "compiled.mach-o.dylib"; name = libxml2.dylib; path = usr/lib/libxml2.dylib; sourceTree = SDKROOT; };
		03807112191B7137002C5054 /* HNYRequest.h */ = {isa = PBXFileReference; fileEncoding = 4; lastKnownFileType = sourcecode.c.h; path = HNYRequest.h; sourceTree = "<group>"; };
		03807113191B7137002C5054 /* HNYRequest.m */ = {isa = PBXFileReference; fileEncoding = 4; lastKnownFileType = sourcecode.c.objc; path = HNYRequest.m; sourceTree = "<group>"; };
		03807115191B738E002C5054 /* HNYTAFNetworkingViewController.h */ = {isa = PBXFileReference; fileEncoding = 4; lastKnownFileType = sourcecode.c.h; path = HNYTAFNetworkingViewController.h; sourceTree = "<group>"; };
		03807116191B738E002C5054 /* HNYTAFNetworkingViewController.m */ = {isa = PBXFileReference; fileEncoding = 4; lastKnownFileType = sourcecode.c.objc; path = HNYTAFNetworkingViewController.m; sourceTree = "<group>"; };
		03836F391918739C00B771F8 /* HNYSQLite3UserViewController.h */ = {isa = PBXFileReference; fileEncoding = 4; lastKnownFileType = sourcecode.c.h; path = HNYSQLite3UserViewController.h; sourceTree = "<group>"; };
		03836F3A1918739C00B771F8 /* HNYSQLite3UserViewController.m */ = {isa = PBXFileReference; fileEncoding = 4; lastKnownFileType = sourcecode.c.objc; path = HNYSQLite3UserViewController.m; sourceTree = "<group>"; };
		03836F3F191874C200B771F8 /* PublicDelegate.h */ = {isa = PBXFileReference; lastKnownFileType = sourcecode.c.h; path = PublicDelegate.h; sourceTree = "<group>"; };
		03836F431918BA0200B771F8 /* HNYTArchivingViewController.h */ = {isa = PBXFileReference; fileEncoding = 4; lastKnownFileType = sourcecode.c.h; path = HNYTArchivingViewController.h; sourceTree = "<group>"; };
		03836F441918BA0200B771F8 /* HNYTArchivingViewController.m */ = {isa = PBXFileReference; fileEncoding = 4; lastKnownFileType = sourcecode.c.objc; path = HNYTArchivingViewController.m; sourceTree = "<group>"; };
		03836F461918C83300B771F8 /* HNYUser.h */ = {isa = PBXFileReference; fileEncoding = 4; lastKnownFileType = sourcecode.c.h; path = HNYUser.h; sourceTree = "<group>"; };
		03836F471918C83300B771F8 /* HNYUser.m */ = {isa = PBXFileReference; fileEncoding = 4; lastKnownFileType = sourcecode.c.objc; path = HNYUser.m; sourceTree = "<group>"; };
		03836F491918D1CA00B771F8 /* HNYTPListViewController.h */ = {isa = PBXFileReference; fileEncoding = 4; lastKnownFileType = sourcecode.c.h; path = HNYTPListViewController.h; sourceTree = "<group>"; };
		03836F4A1918D1CA00B771F8 /* HNYTPListViewController.m */ = {isa = PBXFileReference; fileEncoding = 4; lastKnownFileType = sourcecode.c.objc; path = HNYTPListViewController.m; sourceTree = "<group>"; };
		03836F4C1918D5B900B771F8 /* HNYTCoreDataViewController.h */ = {isa = PBXFileReference; fileEncoding = 4; lastKnownFileType = sourcecode.c.h; path = HNYTCoreDataViewController.h; sourceTree = "<group>"; };
		03836F4D1918D5B900B771F8 /* HNYTCoreDataViewController.m */ = {isa = PBXFileReference; fileEncoding = 4; lastKnownFileType = sourcecode.c.objc; path = HNYTCoreDataViewController.m; sourceTree = "<group>"; };
		03836F501918DCF200B771F8 /* HNYTFileViewController.h */ = {isa = PBXFileReference; fileEncoding = 4; lastKnownFileType = sourcecode.c.h; path = HNYTFileViewController.h; sourceTree = "<group>"; };
		03836F511918DCF200B771F8 /* HNYTFileViewController.m */ = {isa = PBXFileReference; fileEncoding = 4; lastKnownFileType = sourcecode.c.objc; path = HNYTFileViewController.m; sourceTree = "<group>"; };
		03863E4919108BF80098AC3E /* HNYTActionSheetViewController.h */ = {isa = PBXFileReference; fileEncoding = 4; lastKnownFileType = sourcecode.c.h; path = HNYTActionSheetViewController.h; sourceTree = "<group>"; };
		03863E4A19108BF80098AC3E /* HNYTActionSheetViewController.m */ = {isa = PBXFileReference; fileEncoding = 4; lastKnownFileType = sourcecode.c.objc; path = HNYTActionSheetViewController.m; sourceTree = "<group>"; };
		CA0FB92B18F9800F00BC251D /* Demo.app */ = {isa = PBXFileReference; explicitFileType = wrapper.application; includeInIndex = 0; path = Demo.app; sourceTree = BUILT_PRODUCTS_DIR; };
		CA0FB92E18F9800F00BC251D /* Foundation.framework */ = {isa = PBXFileReference; lastKnownFileType = wrapper.framework; name = Foundation.framework; path = System/Library/Frameworks/Foundation.framework; sourceTree = SDKROOT; };
		CA0FB93018F9800F00BC251D /* CoreGraphics.framework */ = {isa = PBXFileReference; lastKnownFileType = wrapper.framework; name = CoreGraphics.framework; path = System/Library/Frameworks/CoreGraphics.framework; sourceTree = SDKROOT; };
		CA0FB93218F9800F00BC251D /* UIKit.framework */ = {isa = PBXFileReference; lastKnownFileType = wrapper.framework; name = UIKit.framework; path = System/Library/Frameworks/UIKit.framework; sourceTree = SDKROOT; };
		CA0FB93418F9800F00BC251D /* CoreData.framework */ = {isa = PBXFileReference; lastKnownFileType = wrapper.framework; name = CoreData.framework; path = System/Library/Frameworks/CoreData.framework; sourceTree = SDKROOT; };
		CA0FB93818F9800F00BC251D /* Demo-Info.plist */ = {isa = PBXFileReference; lastKnownFileType = text.plist.xml; path = "Demo-Info.plist"; sourceTree = "<group>"; };
		CA0FB93A18F9800F00BC251D /* en */ = {isa = PBXFileReference; lastKnownFileType = text.plist.strings; name = en; path = en.lproj/InfoPlist.strings; sourceTree = "<group>"; };
		CA0FB93C18F9800F00BC251D /* main.m */ = {isa = PBXFileReference; lastKnownFileType = sourcecode.c.objc; path = main.m; sourceTree = "<group>"; };
		CA0FB93E18F9800F00BC251D /* Demo-Prefix.pch */ = {isa = PBXFileReference; lastKnownFileType = sourcecode.c.h; path = "Demo-Prefix.pch"; sourceTree = "<group>"; };
		CA0FB93F18F9800F00BC251D /* AppDelegate.h */ = {isa = PBXFileReference; lastKnownFileType = sourcecode.c.h; path = AppDelegate.h; sourceTree = "<group>"; };
		CA0FB94018F9800F00BC251D /* AppDelegate.m */ = {isa = PBXFileReference; lastKnownFileType = sourcecode.c.objc; path = AppDelegate.m; sourceTree = "<group>"; };
		CA0FB94518F9801000BC251D /* Images.xcassets */ = {isa = PBXFileReference; lastKnownFileType = folder.assetcatalog; path = Images.xcassets; sourceTree = "<group>"; };
		CA0FB94B18F9801000BC251D /* DemoTests.xctest */ = {isa = PBXFileReference; explicitFileType = wrapper.cfbundle; includeInIndex = 0; path = DemoTests.xctest; sourceTree = BUILT_PRODUCTS_DIR; };
		CA0FB94C18F9801000BC251D /* XCTest.framework */ = {isa = PBXFileReference; lastKnownFileType = wrapper.framework; name = XCTest.framework; path = Library/Frameworks/XCTest.framework; sourceTree = DEVELOPER_DIR; };
		CA0FB95518F9801000BC251D /* DemoTests-Info.plist */ = {isa = PBXFileReference; lastKnownFileType = text.plist.xml; path = "DemoTests-Info.plist"; sourceTree = "<group>"; };
		CA0FB95718F9801000BC251D /* en */ = {isa = PBXFileReference; lastKnownFileType = text.plist.strings; name = en; path = en.lproj/InfoPlist.strings; sourceTree = "<group>"; };
		CA0FB95918F9801000BC251D /* DemoTests.m */ = {isa = PBXFileReference; lastKnownFileType = sourcecode.c.objc; path = DemoTests.m; sourceTree = "<group>"; };
		CA0FB96318F9877C00BC251D /* MainViewController.h */ = {isa = PBXFileReference; fileEncoding = 4; lastKnownFileType = sourcecode.c.h; path = MainViewController.h; sourceTree = "<group>"; };
		CA0FB96418F9877C00BC251D /* MainViewController.m */ = {isa = PBXFileReference; fileEncoding = 4; lastKnownFileType = sourcecode.c.objc; path = MainViewController.m; sourceTree = "<group>"; };
		CAA6B6BB190BFC2500D4192B /* HNYTRefreshTableViewController.h */ = {isa = PBXFileReference; fileEncoding = 4; lastKnownFileType = sourcecode.c.h; path = HNYTRefreshTableViewController.h; sourceTree = "<group>"; };
		CAA6B6BC190BFC2500D4192B /* HNYTRefreshTableViewController.m */ = {isa = PBXFileReference; fileEncoding = 4; lastKnownFileType = sourcecode.c.objc; path = HNYTRefreshTableViewController.m; sourceTree = "<group>"; };
		CAA6B6BF190C0D9400D4192B /* HNYActionSheet.h */ = {isa = PBXFileReference; fileEncoding = 4; lastKnownFileType = sourcecode.c.h; path = HNYActionSheet.h; sourceTree = "<group>"; };
		CAA6B6C0190C0D9400D4192B /* HNYActionSheet.m */ = {isa = PBXFileReference; fileEncoding = 4; lastKnownFileType = sourcecode.c.objc; path = HNYActionSheet.m; sourceTree = "<group>"; };
		CAA6B6C2190C0D9400D4192B /* HNYDownTableView.h */ = {isa = PBXFileReference; fileEncoding = 4; lastKnownFileType = sourcecode.c.h; path = HNYDownTableView.h; sourceTree = "<group>"; };
		CAA6B6C3190C0D9400D4192B /* HNYDownTableView.m */ = {isa = PBXFileReference; fileEncoding = 4; lastKnownFileType = sourcecode.c.objc; path = HNYDownTableView.m; sourceTree = "<group>"; };
		CAA6B6C5190C0D9400D4192B /* HNYTableView.h */ = {isa = PBXFileReference; fileEncoding = 4; lastKnownFileType = sourcecode.c.h; path = HNYTableView.h; sourceTree = "<group>"; };
		CAA6B6C6190C0D9400D4192B /* HNYTableView.m */ = {isa = PBXFileReference; fileEncoding = 4; lastKnownFileType = sourcecode.c.objc; path = HNYTableView.m; sourceTree = "<group>"; };
		CAA6B6C7190C0D9400D4192B /* HNYTableViewCell.h */ = {isa = PBXFileReference; fileEncoding = 4; lastKnownFileType = sourcecode.c.h; path = HNYTableViewCell.h; sourceTree = "<group>"; };
		CAA6B6C8190C0D9400D4192B /* HNYTableViewCell.m */ = {isa = PBXFileReference; fileEncoding = 4; lastKnownFileType = sourcecode.c.objc; path = HNYTableViewCell.m; sourceTree = "<group>"; };
		CAA6B6CE190C0DFA00D4192B /* HNYBaseViewController.h */ = {isa = PBXFileReference; fileEncoding = 4; lastKnownFileType = sourcecode.c.h; path = HNYBaseViewController.h; sourceTree = "<group>"; };
		CAA6B6CF190C0DFA00D4192B /* HNYBaseViewController.m */ = {isa = PBXFileReference; fileEncoding = 4; lastKnownFileType = sourcecode.c.objc; path = HNYBaseViewController.m; sourceTree = "<group>"; };
		CAA6B6D1190C0DFA00D4192B /* HNYNavigationBar.h */ = {isa = PBXFileReference; fileEncoding = 4; lastKnownFileType = sourcecode.c.h; path = HNYNavigationBar.h; sourceTree = "<group>"; };
		CAA6B6D2190C0DFA00D4192B /* HNYNavigationBar.m */ = {isa = PBXFileReference; fileEncoding = 4; lastKnownFileType = sourcecode.c.objc; path = HNYNavigationBar.m; sourceTree = "<group>"; };
		CAA6B6D4190C0DFA00D4192B /* HNYTabBar.h */ = {isa = PBXFileReference; fileEncoding = 4; lastKnownFileType = sourcecode.c.h; path = HNYTabBar.h; sourceTree = "<group>"; };
		CAA6B6D5190C0DFA00D4192B /* HNYTabBar.m */ = {isa = PBXFileReference; fileEncoding = 4; lastKnownFileType = sourcecode.c.objc; path = HNYTabBar.m; sourceTree = "<group>"; };
		CAE7A1C318FAE75200213ACF /* PublicDefine.h */ = {isa = PBXFileReference; lastKnownFileType = sourcecode.c.h; path = PublicDefine.h; sourceTree = "<group>"; };
		CAE7A1CF18FAEB4200213ACF /* HNYRefreshTableViewController.h */ = {isa = PBXFileReference; fileEncoding = 4; lastKnownFileType = sourcecode.c.h; path = HNYRefreshTableViewController.h; sourceTree = "<group>"; };
		CAE7A1D018FAEB4200213ACF /* HNYRefreshTableViewController.m */ = {isa = PBXFileReference; fileEncoding = 4; lastKnownFileType = sourcecode.c.objc; path = HNYRefreshTableViewController.m; sourceTree = "<group>"; };
		CAFDAEFF190E955C00BAF7EB /* navBar.png */ = {isa = PBXFileReference; lastKnownFileType = image.png; path = navBar.png; sourceTree = "<group>"; };
		CAFDAF00190E955C00BAF7EB /* navBar@2x.png */ = {isa = PBXFileReference; lastKnownFileType = image.png; path = "navBar@2x.png"; sourceTree = "<group>"; };
/* End PBXFileReference section */

/* Begin PBXFrameworksBuildPhase section */
		CA0FB92818F9800F00BC251D /* Frameworks */ = {
			isa = PBXFrameworksBuildPhase;
			buildActionMask = 2147483647;
			files = (
				03807111191B6E0D002C5054 /* libxml2.dylib in Frameworks */,
				0302615619177EF10096636E /* libsqlite3.dylib in Frameworks */,
				CA0FB93118F9800F00BC251D /* CoreGraphics.framework in Frameworks */,
				CA0FB93518F9800F00BC251D /* CoreData.framework in Frameworks */,
				CA0FB93318F9800F00BC251D /* UIKit.framework in Frameworks */,
				CA0FB92F18F9800F00BC251D /* Foundation.framework in Frameworks */,
			);
			runOnlyForDeploymentPostprocessing = 0;
		};
		CA0FB94818F9801000BC251D /* Frameworks */ = {
			isa = PBXFrameworksBuildPhase;
			buildActionMask = 2147483647;
			files = (
				CA0FB94D18F9801000BC251D /* XCTest.framework in Frameworks */,
				CA0FB95018F9801000BC251D /* CoreData.framework in Frameworks */,
				CA0FB94F18F9801000BC251D /* UIKit.framework in Frameworks */,
				CA0FB94E18F9801000BC251D /* Foundation.framework in Frameworks */,
			);
			runOnlyForDeploymentPostprocessing = 0;
		};
/* End PBXFrameworksBuildPhase section */

/* Begin PBXGroup section */
		0302615419177ED50096636E /* SQLite3 */ = {
			isa = PBXGroup;
			children = (
				0302615719177F410096636E /* HNYTSQLite3ViewController.h */,
				0302615819177F410096636E /* HNYTSQLite3ViewController.m */,
				03836F391918739C00B771F8 /* HNYSQLite3UserViewController.h */,
				03836F3A1918739C00B771F8 /* HNYSQLite3UserViewController.m */,
			);
			path = SQLite3;
			sourceTree = "<group>";
		};
		0330759E19206E910004BF23 /* SideBar */ = {
			isa = PBXGroup;
			children = (
				033075DA19206EF20004BF23 /* SideBar.xcodeproj */,
			);
			path = SideBar;
			sourceTree = "<group>";
		};
		033075DB19206EF20004BF23 /* Products */ = {
			isa = PBXGroup;
			children = (
				033075E019206EF30004BF23 /* SideBar.app */,
				033075E219206EF30004BF23 /* SideBarTests.xctest */,
			);
			name = Products;
			sourceTree = "<group>";
		};
		03328D451900DDEA006C5461 /* Popover */ = {
			isa = PBXGroup;
			children = (
				03328D461900DE18006C5461 /* HNYPopoverView.h */,
				03328D471900DE18006C5461 /* HNYPopoverView.m */,
			);
			path = Popover;
			sourceTree = "<group>";
		};
		03328D49190101F0006C5461 /* PopoverView */ = {
			isa = PBXGroup;
			children = (
				03328D4A190101F0006C5461 /* PopoverView.h */,
				03328D4B190101F0006C5461 /* PopoverView.m */,
			);
			path = PopoverView;
			sourceTree = "<group>";
		};
		035CA643191B2C8000B4E9AF /* XmlReader */ = {
			isa = PBXGroup;
			children = (
			);
			path = XmlReader;
			sourceTree = "<group>";
		};
		0373BB51190F333500FAC72E /* StatusBar */ = {
			isa = PBXGroup;
			children = (
				0373BB52190F338D00FAC72E /* HNTAutorotateViewController.h */,
				0373BB53190F338D00FAC72E /* HNTAutorotateViewController.m */,
			);
			path = StatusBar;
			sourceTree = "<group>";
		};
		0374411818FBA20500736C08 /* Image */ = {
			isa = PBXGroup;
			children = (
				CAFDAEFF190E955C00BAF7EB /* navBar.png */,
				CAFDAF00190E955C00BAF7EB /* navBar@2x.png */,
				0374411918FBA20500736C08 /* pullArrow.png */,
				0374411A18FBA20500736C08 /* pullArrow@2x.png */,
				0374411B18FBA20500736C08 /* pullArrowDark.png */,
				0374411C18FBA20500736C08 /* pullArrowDark@2x.png */,
			);
			path = Image;
			sourceTree = "<group>";
		};
		038070C5191B6177002C5054 /* JSON */ = {
			isa = PBXGroup;
			children = (
				038070C6191B6177002C5054 /* JSON.h */,
				038070C7191B6177002C5054 /* NSObject+SBJSON.h */,
				038070C8191B6177002C5054 /* NSObject+SBJSON.m */,
				038070C9191B6177002C5054 /* NSString+SBJSON.h */,
				038070CA191B6177002C5054 /* NSString+SBJSON.m */,
				038070CB191B6177002C5054 /* SBJSON.h */,
				038070CC191B6177002C5054 /* SBJSON.m */,
				038070CD191B6177002C5054 /* SBJsonBase.h */,
				038070CE191B6177002C5054 /* SBJsonBase.m */,
				038070CF191B6177002C5054 /* SBJsonParser.h */,
				038070D0191B6177002C5054 /* SBJsonParser.m */,
				038070D1191B6177002C5054 /* SBJsonWriter.h */,
				038070D2191B6177002C5054 /* SBJsonWriter.m */,
			);
			path = JSON;
			sourceTree = "<group>";
		};
		038070D9191B6B44002C5054 /* AFNetworking */ = {
			isa = PBXGroup;
			children = (
				038070DA191B6B44002C5054 /* AFHTTPRequestOperation.h */,
				038070DB191B6B44002C5054 /* AFHTTPRequestOperation.m */,
				038070DC191B6B44002C5054 /* AFHTTPRequestOperationManager.h */,
				038070DD191B6B44002C5054 /* AFHTTPRequestOperationManager.m */,
				038070DE191B6B44002C5054 /* AFHTTPSessionManager.h */,
				038070DF191B6B44002C5054 /* AFHTTPSessionManager.m */,
				038070E0191B6B44002C5054 /* AFNetworking.h */,
				038070E1191B6B44002C5054 /* AFNetworkReachabilityManager.h */,
				038070E2191B6B44002C5054 /* AFNetworkReachabilityManager.m */,
				038070E3191B6B44002C5054 /* AFSecurityPolicy.h */,
				038070E4191B6B44002C5054 /* AFSecurityPolicy.m */,
				038070E5191B6B44002C5054 /* AFURLConnectionOperation.h */,
				038070E6191B6B44002C5054 /* AFURLConnectionOperation.m */,
				038070E7191B6B44002C5054 /* AFURLRequestSerialization.h */,
				038070E8191B6B44002C5054 /* AFURLRequestSerialization.m */,
				038070E9191B6B44002C5054 /* AFURLResponseSerialization.h */,
				038070EA191B6B44002C5054 /* AFURLResponseSerialization.m */,
				038070EB191B6B44002C5054 /* AFURLSessionManager.h */,
				038070EC191B6B44002C5054 /* AFURLSessionManager.m */,
				03807112191B7137002C5054 /* HNYRequest.h */,
				03807113191B7137002C5054 /* HNYRequest.m */,
				03807115191B738E002C5054 /* HNYTAFNetworkingViewController.h */,
				03807116191B738E002C5054 /* HNYTAFNetworkingViewController.m */,
			);
			path = AFNetworking;
			sourceTree = "<group>";
		};
		038070F6191B6B72002C5054 /* UIKit+AFNetworking */ = {
			isa = PBXGroup;
			children = (
				038070F7191B6B72002C5054 /* AFNetworkActivityIndicatorManager.h */,
				038070F8191B6B72002C5054 /* AFNetworkActivityIndicatorManager.m */,
				038070F9191B6B72002C5054 /* UIActivityIndicatorView+AFNetworking.h */,
				038070FA191B6B72002C5054 /* UIActivityIndicatorView+AFNetworking.m */,
				038070FB191B6B72002C5054 /* UIAlertView+AFNetworking.h */,
				038070FC191B6B72002C5054 /* UIAlertView+AFNetworking.m */,
				038070FD191B6B72002C5054 /* UIButton+AFNetworking.h */,
				038070FE191B6B72002C5054 /* UIButton+AFNetworking.m */,
				038070FF191B6B72002C5054 /* UIImageView+AFNetworking.h */,
				03807100191B6B72002C5054 /* UIImageView+AFNetworking.m */,
				03807101191B6B72002C5054 /* UIKit+AFNetworking.h */,
				03807102191B6B72002C5054 /* UIProgressView+AFNetworking.h */,
				03807103191B6B72002C5054 /* UIProgressView+AFNetworking.m */,
				03807104191B6B72002C5054 /* UIRefreshControl+AFNetworking.h */,
				03807105191B6B72002C5054 /* UIRefreshControl+AFNetworking.m */,
				03807106191B6B72002C5054 /* UIWebView+AFNetworking.h */,
				03807107191B6B72002C5054 /* UIWebView+AFNetworking.m */,
			);
			path = "UIKit+AFNetworking";
			sourceTree = "<group>";
		};
		03836F401918B9BB00B771F8 /* Archiving */ = {
			isa = PBXGroup;
			children = (
				03836F431918BA0200B771F8 /* HNYTArchivingViewController.h */,
				03836F441918BA0200B771F8 /* HNYTArchivingViewController.m */,
				03836F461918C83300B771F8 /* HNYUser.h */,
				03836F471918C83300B771F8 /* HNYUser.m */,
			);
			path = Archiving;
			sourceTree = "<group>";
		};
		03836F411918B9BB00B771F8 /* CoreData */ = {
			isa = PBXGroup;
			children = (
				03836F4C1918D5B900B771F8 /* HNYTCoreDataViewController.h */,
				03836F4D1918D5B900B771F8 /* HNYTCoreDataViewController.m */,
				0348925A1919D0B100A4E605 /* HNYTCoreData.xcdatamodeld */,
				034892601919DB8200A4E605 /* UserEntity.h */,
				034892611919DB8200A4E605 /* UserEntity.m */,
			);
			path = CoreData;
			sourceTree = "<group>";
		};
		03836F421918B9BB00B771F8 /* PList */ = {
			isa = PBXGroup;
			children = (
				03836F491918D1CA00B771F8 /* HNYTPListViewController.h */,
				03836F4A1918D1CA00B771F8 /* HNYTPListViewController.m */,
			);
			path = PList;
			sourceTree = "<group>";
		};
		03836F4F1918DCDC00B771F8 /* File */ = {
			isa = PBXGroup;
			children = (
				03836F501918DCF200B771F8 /* HNYTFileViewController.h */,
				03836F511918DCF200B771F8 /* HNYTFileViewController.m */,
			);
			path = File;
			sourceTree = "<group>";
		};
		CA0FB92218F9800F00BC251D = {
			isa = PBXGroup;
			children = (
				0374411818FBA20500736C08 /* Image */,
				CAE7A1CC18FAEAB800213ACF /* Classes */,
				CA0FB93618F9800F00BC251D /* Demo */,
				CA0FB95318F9801000BC251D /* DemoTests */,
				CA0FB92D18F9800F00BC251D /* Frameworks */,
				CA0FB92C18F9800F00BC251D /* Products */,
			);
			sourceTree = "<group>";
		};
		CA0FB92C18F9800F00BC251D /* Products */ = {
			isa = PBXGroup;
			children = (
				CA0FB92B18F9800F00BC251D /* Demo.app */,
				CA0FB94B18F9801000BC251D /* DemoTests.xctest */,
			);
			name = Products;
			sourceTree = "<group>";
		};
		CA0FB92D18F9800F00BC251D /* Frameworks */ = {
			isa = PBXGroup;
			children = (
				03807110191B6E0D002C5054 /* libxml2.dylib */,
				0302615519177EF10096636E /* libsqlite3.dylib */,
				CA0FB92E18F9800F00BC251D /* Foundation.framework */,
				CA0FB93018F9800F00BC251D /* CoreGraphics.framework */,
				CA0FB93218F9800F00BC251D /* UIKit.framework */,
				CA0FB93418F9800F00BC251D /* CoreData.framework */,
				CA0FB94C18F9801000BC251D /* XCTest.framework */,
			);
			name = Frameworks;
			sourceTree = "<group>";
		};
		CA0FB93618F9800F00BC251D /* Demo */ = {
			isa = PBXGroup;
			children = (
				CA0FB93F18F9800F00BC251D /* AppDelegate.h */,
				CA0FB94018F9800F00BC251D /* AppDelegate.m */,
				CA0FB94518F9801000BC251D /* Images.xcassets */,
				CA0FB93718F9800F00BC251D /* Supporting Files */,
				CA0FB96318F9877C00BC251D /* MainViewController.h */,
				CA0FB96418F9877C00BC251D /* MainViewController.m */,
				CAE7A1C318FAE75200213ACF /* PublicDefine.h */,
				03836F3F191874C200B771F8 /* PublicDelegate.h */,
			);
			path = Demo;
			sourceTree = "<group>";
		};
		CA0FB93718F9800F00BC251D /* Supporting Files */ = {
			isa = PBXGroup;
			children = (
				CA0FB93818F9800F00BC251D /* Demo-Info.plist */,
				CA0FB93918F9800F00BC251D /* InfoPlist.strings */,
				CA0FB93C18F9800F00BC251D /* main.m */,
				CA0FB93E18F9800F00BC251D /* Demo-Prefix.pch */,
			);
			name = "Supporting Files";
			sourceTree = "<group>";
		};
		CA0FB95318F9801000BC251D /* DemoTests */ = {
			isa = PBXGroup;
			children = (
				CA0FB95918F9801000BC251D /* DemoTests.m */,
				CA0FB95418F9801000BC251D /* Supporting Files */,
			);
			path = DemoTests;
			sourceTree = "<group>";
		};
		CA0FB95418F9801000BC251D /* Supporting Files */ = {
			isa = PBXGroup;
			children = (
				CA0FB95518F9801000BC251D /* DemoTests-Info.plist */,
				CA0FB95618F9801000BC251D /* InfoPlist.strings */,
			);
			name = "Supporting Files";
			sourceTree = "<group>";
		};
		CAA6B6BE190C0D9400D4192B /* ActionSheet */ = {
			isa = PBXGroup;
			children = (
				CAA6B6BF190C0D9400D4192B /* HNYActionSheet.h */,
				CAA6B6C0190C0D9400D4192B /* HNYActionSheet.m */,
				03863E4919108BF80098AC3E /* HNYTActionSheetViewController.h */,
				03863E4A19108BF80098AC3E /* HNYTActionSheetViewController.m */,
			);
			path = ActionSheet;
			sourceTree = "<group>";
		};
		CAA6B6C1190C0D9400D4192B /* DrownTable */ = {
			isa = PBXGroup;
			children = (
				CAA6B6C2190C0D9400D4192B /* HNYDownTableView.h */,
				CAA6B6C3190C0D9400D4192B /* HNYDownTableView.m */,
			);
			path = DrownTable;
			sourceTree = "<group>";
		};
		CAA6B6C4190C0D9400D4192B /* TableList */ = {
			isa = PBXGroup;
			children = (
				CAA6B6C5190C0D9400D4192B /* HNYTableView.h */,
				CAA6B6C6190C0D9400D4192B /* HNYTableView.m */,
				CAA6B6C7190C0D9400D4192B /* HNYTableViewCell.h */,
				CAA6B6C8190C0D9400D4192B /* HNYTableViewCell.m */,
			);
			path = TableList;
			sourceTree = "<group>";
		};
		CAA6B6CD190C0DFA00D4192B /* BaseViewController */ = {
			isa = PBXGroup;
			children = (
				CAA6B6CE190C0DFA00D4192B /* HNYBaseViewController.h */,
				CAA6B6CF190C0DFA00D4192B /* HNYBaseViewController.m */,
			);
			path = BaseViewController;
			sourceTree = "<group>";
		};
		CAA6B6D0190C0DFA00D4192B /* NavigationBar */ = {
			isa = PBXGroup;
			children = (
				CAA6B6D1190C0DFA00D4192B /* HNYNavigationBar.h */,
				CAA6B6D2190C0DFA00D4192B /* HNYNavigationBar.m */,
			);
			path = NavigationBar;
			sourceTree = "<group>";
		};
		CAA6B6D3190C0DFA00D4192B /* TabBar */ = {
			isa = PBXGroup;
			children = (
				CAA6B6D4190C0DFA00D4192B /* HNYTabBar.h */,
				CAA6B6D5190C0DFA00D4192B /* HNYTabBar.m */,
			);
			path = TabBar;
			sourceTree = "<group>";
		};
		CAE7A1CC18FAEAB800213ACF /* Classes */ = {
			isa = PBXGroup;
			children = (
				0330759E19206E910004BF23 /* SideBar */,
				038070F6191B6B72002C5054 /* UIKit+AFNetworking */,
				038070D9191B6B44002C5054 /* AFNetworking */,
				038070C5191B6177002C5054 /* JSON */,
				035CA643191B2C8000B4E9AF /* XmlReader */,
				03836F4F1918DCDC00B771F8 /* File */,
				03836F401918B9BB00B771F8 /* Archiving */,
				03836F411918B9BB00B771F8 /* CoreData */,
				03836F421918B9BB00B771F8 /* PList */,
				0302615419177ED50096636E /* SQLite3 */,
				0373BB51190F333500FAC72E /* StatusBar */,
				CAA6B6CD190C0DFA00D4192B /* BaseViewController */,
				CAA6B6D0190C0DFA00D4192B /* NavigationBar */,
				CAA6B6D3190C0DFA00D4192B /* TabBar */,
				CAA6B6BE190C0D9400D4192B /* ActionSheet */,
				CAA6B6C1190C0D9400D4192B /* DrownTable */,
				CAA6B6C4190C0D9400D4192B /* TableList */,
				03328D49190101F0006C5461 /* PopoverView */,
				03328D451900DDEA006C5461 /* Popover */,
				CAE7A1CD18FAEAB800213ACF /* RefreshTable */,
			);
			path = Classes;
			sourceTree = "<group>";
		};
		CAE7A1CD18FAEAB800213ACF /* RefreshTable */ = {
			isa = PBXGroup;
			children = (
				CAE7A1CF18FAEB4200213ACF /* HNYRefreshTableViewController.h */,
				CAE7A1D018FAEB4200213ACF /* HNYRefreshTableViewController.m */,
				0374411218FB7E0C00736C08 /* EGORefreshTableHeaderView.h */,
				0374411318FB7E0C00736C08 /* EGORefreshTableHeaderView.m */,
				0374411518FB848500736C08 /* EGORefreshTableFooterView.h */,
				0374411618FB848500736C08 /* EGORefreshTableFooterView.m */,
				CAA6B6BB190BFC2500D4192B /* HNYTRefreshTableViewController.h */,
				CAA6B6BC190BFC2500D4192B /* HNYTRefreshTableViewController.m */,
			);
			path = RefreshTable;
			sourceTree = "<group>";
		};
/* End PBXGroup section */

/* Begin PBXNativeTarget section */
		CA0FB92A18F9800F00BC251D /* Demo */ = {
			isa = PBXNativeTarget;
			buildConfigurationList = CA0FB95D18F9801000BC251D /* Build configuration list for PBXNativeTarget "Demo" */;
			buildPhases = (
				CA0FB92718F9800F00BC251D /* Sources */,
				CA0FB92818F9800F00BC251D /* Frameworks */,
				CA0FB92918F9800F00BC251D /* Resources */,
			);
			buildRules = (
			);
			dependencies = (
			);
			name = Demo;
			productName = Demo;
			productReference = CA0FB92B18F9800F00BC251D /* Demo.app */;
			productType = "com.apple.product-type.application";
		};
		CA0FB94A18F9801000BC251D /* DemoTests */ = {
			isa = PBXNativeTarget;
			buildConfigurationList = CA0FB96018F9801000BC251D /* Build configuration list for PBXNativeTarget "DemoTests" */;
			buildPhases = (
				CA0FB94718F9801000BC251D /* Sources */,
				CA0FB94818F9801000BC251D /* Frameworks */,
				CA0FB94918F9801000BC251D /* Resources */,
			);
			buildRules = (
			);
			dependencies = (
				CA0FB95218F9801000BC251D /* PBXTargetDependency */,
			);
			name = DemoTests;
			productName = DemoTests;
			productReference = CA0FB94B18F9801000BC251D /* DemoTests.xctest */;
			productType = "com.apple.product-type.bundle.unit-test";
		};
/* End PBXNativeTarget section */

/* Begin PBXProject section */
		CA0FB92318F9800F00BC251D /* Project object */ = {
			isa = PBXProject;
			attributes = {
				LastUpgradeCheck = 0510;
				ORGANIZATIONNAME = chenzq;
				TargetAttributes = {
					CA0FB94A18F9801000BC251D = {
						TestTargetID = CA0FB92A18F9800F00BC251D;
					};
				};
			};
			buildConfigurationList = CA0FB92618F9800F00BC251D /* Build configuration list for PBXProject "Demo" */;
			compatibilityVersion = "Xcode 3.2";
			developmentRegion = English;
			hasScannedForEncodings = 0;
			knownRegions = (
				en,
			);
			mainGroup = CA0FB92218F9800F00BC251D;
			productRefGroup = CA0FB92C18F9800F00BC251D /* Products */;
			projectDirPath = "";
			projectReferences = (
				{
					ProductGroup = 033075DB19206EF20004BF23 /* Products */;
					ProjectRef = 033075DA19206EF20004BF23 /* SideBar.xcodeproj */;
				},
			);
			projectRoot = "";
			targets = (
				CA0FB92A18F9800F00BC251D /* Demo */,
				CA0FB94A18F9801000BC251D /* DemoTests */,
			);
		};
/* End PBXProject section */

/* Begin PBXReferenceProxy section */
		033075E019206EF30004BF23 /* SideBar.app */ = {
			isa = PBXReferenceProxy;
			fileType = wrapper.application;
			path = SideBar.app;
			remoteRef = 033075DF19206EF30004BF23 /* PBXContainerItemProxy */;
			sourceTree = BUILT_PRODUCTS_DIR;
		};
		033075E219206EF30004BF23 /* SideBarTests.xctest */ = {
			isa = PBXReferenceProxy;
			fileType = wrapper.cfbundle;
			path = SideBarTests.xctest;
			remoteRef = 033075E119206EF30004BF23 /* PBXContainerItemProxy */;
			sourceTree = BUILT_PRODUCTS_DIR;
		};
/* End PBXReferenceProxy section */

/* Begin PBXResourcesBuildPhase section */
		CA0FB92918F9800F00BC251D /* Resources */ = {
			isa = PBXResourcesBuildPhase;
			buildActionMask = 2147483647;
			files = (
				CA0FB93B18F9800F00BC251D /* InfoPlist.strings in Resources */,
				0374411E18FBA20500736C08 /* pullArrow@2x.png in Resources */,
				CA0FB94618F9801000BC251D /* Images.xcassets in Resources */,
				CAFDAF01190E955C00BAF7EB /* navBar.png in Resources */,
				CAFDAF02190E955C00BAF7EB /* navBar@2x.png in Resources */,
				0374412018FBA20500736C08 /* pullArrowDark@2x.png in Resources */,
				0374411F18FBA20500736C08 /* pullArrowDark.png in Resources */,
				0374411D18FBA20500736C08 /* pullArrow.png in Resources */,
			);
			runOnlyForDeploymentPostprocessing = 0;
		};
		CA0FB94918F9801000BC251D /* Resources */ = {
			isa = PBXResourcesBuildPhase;
			buildActionMask = 2147483647;
			files = (
				CA0FB95818F9801000BC251D /* InfoPlist.strings in Resources */,
			);
			runOnlyForDeploymentPostprocessing = 0;
		};
/* End PBXResourcesBuildPhase section */

/* Begin PBXSourcesBuildPhase section */
		CA0FB92718F9800F00BC251D /* Sources */ = {
			isa = PBXSourcesBuildPhase;
			buildActionMask = 2147483647;
			files = (
				03836F481918C83300B771F8 /* HNYUser.m in Sources */,
				0380710E191B6B72002C5054 /* UIRefreshControl+AFNetworking.m in Sources */,
				CA90E4DF19153F7900237A99 /* HNYPopoverView.m in Sources */,
				038070D6191B6177002C5054 /* SBJsonBase.m in Sources */,
				038070F5191B6B44002C5054 /* AFURLSessionManager.m in Sources */,
				038070EF191B6B44002C5054 /* AFHTTPSessionManager.m in Sources */,
				03836F4B1918D1CA00B771F8 /* HNYTPListViewController.m in Sources */,
				CAE7A1D118FAEB4200213ACF /* HNYRefreshTableViewController.m in Sources */,
				03807117191B738E002C5054 /* HNYTAFNetworkingViewController.m in Sources */,
				03807114191B7137002C5054 /* HNYRequest.m in Sources */,
				038070D7191B6177002C5054 /* SBJsonParser.m in Sources */,
				0380710C191B6B72002C5054 /* UIImageView+AFNetworking.m in Sources */,
				038070F3191B6B44002C5054 /* AFURLRequestSerialization.m in Sources */,
				CAA6B6D7190C0DFB00D4192B /* HNYNavigationBar.m in Sources */,
				038070F1191B6B44002C5054 /* AFSecurityPolicy.m in Sources */,
				CAA6B6CB190C0D9400D4192B /* HNYTableView.m in Sources */,
				03807108191B6B72002C5054 /* AFNetworkActivityIndicatorManager.m in Sources */,
				0348925C1919D0B100A4E605 /* HNYTCoreData.xcdatamodeld in Sources */,
				03807109191B6B72002C5054 /* UIActivityIndicatorView+AFNetworking.m in Sources */,
				0380710D191B6B72002C5054 /* UIProgressView+AFNetworking.m in Sources */,
				03836F451918BA0200B771F8 /* HNYTArchivingViewController.m in Sources */,
				034892621919DB8200A4E605 /* UserEntity.m in Sources */,
				038070F2191B6B44002C5054 /* AFURLConnectionOperation.m in Sources */,
				CAA6B6C9190C0D9400D4192B /* HNYActionSheet.m in Sources */,
				0380710F191B6B72002C5054 /* UIWebView+AFNetworking.m in Sources */,
				03863E4B19108BF80098AC3E /* HNYTActionSheetViewController.m in Sources */,
				038070D8191B6177002C5054 /* SBJsonWriter.m in Sources */,
				0374411718FB848500736C08 /* EGORefreshTableFooterView.m in Sources */,
				03836F521918DCF200B771F8 /* HNYTFileViewController.m in Sources */,
				CAA6B6CC190C0D9400D4192B /* HNYTableViewCell.m in Sources */,
				CA0FB94118F9800F00BC251D /* AppDelegate.m in Sources */,
				CA0FB93D18F9800F00BC251D /* main.m in Sources */,
				03836F4E1918D5B900B771F8 /* HNYTCoreDataViewController.m in Sources */,
				CAA6B6BD190BFC2500D4192B /* HNYTRefreshTableViewController.m in Sources */,
				038070D3191B6177002C5054 /* NSObject+SBJSON.m in Sources */,
				0374411418FB7E0C00736C08 /* EGORefreshTableHeaderView.m in Sources */,
				0380710B191B6B72002C5054 /* UIButton+AFNetworking.m in Sources */,
				03328D4C190101F0006C5461 /* PopoverView.m in Sources */,
				CAA6B6D6190C0DFA00D4192B /* HNYBaseViewController.m in Sources */,
				03836F3B1918739C00B771F8 /* HNYSQLite3UserViewController.m in Sources */,
				038070D4191B6177002C5054 /* NSString+SBJSON.m in Sources */,
				038070D5191B6177002C5054 /* SBJSON.m in Sources */,
				CAA6B6D8190C0DFB00D4192B /* HNYTabBar.m in Sources */,
				CA0FB96518F9877C00BC251D /* MainViewController.m in Sources */,
				0302615919177F410096636E /* HNYTSQLite3ViewController.m in Sources */,
				038070F0191B6B44002C5054 /* AFNetworkReachabilityManager.m in Sources */,
				0380710A191B6B72002C5054 /* UIAlertView+AFNetworking.m in Sources */,
				CAA6B6CA190C0D9400D4192B /* HNYDownTableView.m in Sources */,
				038070EE191B6B44002C5054 /* AFHTTPRequestOperationManager.m in Sources */,
				038070F4191B6B44002C5054 /* AFURLResponseSerialization.m in Sources */,
				038070ED191B6B44002C5054 /* AFHTTPRequestOperation.m in Sources */,
				0373BB54190F338D00FAC72E /* HNTAutorotateViewController.m in Sources */,
			);
			runOnlyForDeploymentPostprocessing = 0;
		};
		CA0FB94718F9801000BC251D /* Sources */ = {
			isa = PBXSourcesBuildPhase;
			buildActionMask = 2147483647;
			files = (
				CA0FB95A18F9801000BC251D /* DemoTests.m in Sources */,
			);
			runOnlyForDeploymentPostprocessing = 0;
		};
/* End PBXSourcesBuildPhase section */

/* Begin PBXTargetDependency section */
		CA0FB95218F9801000BC251D /* PBXTargetDependency */ = {
			isa = PBXTargetDependency;
			target = CA0FB92A18F9800F00BC251D /* Demo */;
			targetProxy = CA0FB95118F9801000BC251D /* PBXContainerItemProxy */;
		};
/* End PBXTargetDependency section */

/* Begin PBXVariantGroup section */
		CA0FB93918F9800F00BC251D /* InfoPlist.strings */ = {
			isa = PBXVariantGroup;
			children = (
				CA0FB93A18F9800F00BC251D /* en */,
			);
			name = InfoPlist.strings;
			sourceTree = "<group>";
		};
		CA0FB95618F9801000BC251D /* InfoPlist.strings */ = {
			isa = PBXVariantGroup;
			children = (
				CA0FB95718F9801000BC251D /* en */,
			);
			name = InfoPlist.strings;
			sourceTree = "<group>";
		};
/* End PBXVariantGroup section */

/* Begin XCBuildConfiguration section */
		CA0FB95B18F9801000BC251D /* Debug */ = {
			isa = XCBuildConfiguration;
			buildSettings = {
				ALWAYS_SEARCH_USER_PATHS = NO;
				CLANG_CXX_LANGUAGE_STANDARD = "gnu++0x";
				CLANG_CXX_LIBRARY = "libc++";
				CLANG_ENABLE_MODULES = YES;
				CLANG_ENABLE_OBJC_ARC = YES;
				CLANG_WARN_BOOL_CONVERSION = YES;
				CLANG_WARN_CONSTANT_CONVERSION = YES;
				CLANG_WARN_DIRECT_OBJC_ISA_USAGE = YES_ERROR;
				CLANG_WARN_EMPTY_BODY = YES;
				CLANG_WARN_ENUM_CONVERSION = YES;
				CLANG_WARN_INT_CONVERSION = YES;
				CLANG_WARN_OBJC_ROOT_CLASS = YES_ERROR;
				CLANG_WARN__DUPLICATE_METHOD_MATCH = YES;
				"CODE_SIGN_IDENTITY[sdk=iphoneos*]" = "iPhone Developer";
				COPY_PHASE_STRIP = NO;
				GCC_C_LANGUAGE_STANDARD = gnu99;
				GCC_DYNAMIC_NO_PIC = NO;
				GCC_OPTIMIZATION_LEVEL = 0;
				GCC_PREPROCESSOR_DEFINITIONS = (
					"DEBUG=1",
					"$(inherited)",
				);
				GCC_SYMBOLS_PRIVATE_EXTERN = NO;
				GCC_WARN_64_TO_32_BIT_CONVERSION = YES;
				GCC_WARN_ABOUT_RETURN_TYPE = YES_ERROR;
				GCC_WARN_UNDECLARED_SELECTOR = YES;
				GCC_WARN_UNINITIALIZED_AUTOS = YES_AGGRESSIVE;
				GCC_WARN_UNUSED_FUNCTION = YES;
				GCC_WARN_UNUSED_VARIABLE = YES;
				IPHONEOS_DEPLOYMENT_TARGET = 7.1;
				ONLY_ACTIVE_ARCH = YES;
				SDKROOT = iphoneos;
				TARGETED_DEVICE_FAMILY = "1,2";
			};
			name = Debug;
		};
		CA0FB95C18F9801000BC251D /* Release */ = {
			isa = XCBuildConfiguration;
			buildSettings = {
				ALWAYS_SEARCH_USER_PATHS = NO;
				CLANG_CXX_LANGUAGE_STANDARD = "gnu++0x";
				CLANG_CXX_LIBRARY = "libc++";
				CLANG_ENABLE_MODULES = YES;
				CLANG_ENABLE_OBJC_ARC = YES;
				CLANG_WARN_BOOL_CONVERSION = YES;
				CLANG_WARN_CONSTANT_CONVERSION = YES;
				CLANG_WARN_DIRECT_OBJC_ISA_USAGE = YES_ERROR;
				CLANG_WARN_EMPTY_BODY = YES;
				CLANG_WARN_ENUM_CONVERSION = YES;
				CLANG_WARN_INT_CONVERSION = YES;
				CLANG_WARN_OBJC_ROOT_CLASS = YES_ERROR;
				CLANG_WARN__DUPLICATE_METHOD_MATCH = YES;
				"CODE_SIGN_IDENTITY[sdk=iphoneos*]" = "iPhone Developer";
				COPY_PHASE_STRIP = YES;
				ENABLE_NS_ASSERTIONS = NO;
				GCC_C_LANGUAGE_STANDARD = gnu99;
				GCC_WARN_64_TO_32_BIT_CONVERSION = YES;
				GCC_WARN_ABOUT_RETURN_TYPE = YES_ERROR;
				GCC_WARN_UNDECLARED_SELECTOR = YES;
				GCC_WARN_UNINITIALIZED_AUTOS = YES_AGGRESSIVE;
				GCC_WARN_UNUSED_FUNCTION = YES;
				GCC_WARN_UNUSED_VARIABLE = YES;
				IPHONEOS_DEPLOYMENT_TARGET = 7.1;
				SDKROOT = iphoneos;
				TARGETED_DEVICE_FAMILY = "1,2";
				VALIDATE_PRODUCT = YES;
			};
			name = Release;
		};
		CA0FB95E18F9801000BC251D /* Debug */ = {
			isa = XCBuildConfiguration;
			buildSettings = {
				ASSETCATALOG_COMPILER_APPICON_NAME = AppIcon;
				ASSETCATALOG_COMPILER_LAUNCHIMAGE_NAME = LaunchImage;
				GCC_PRECOMPILE_PREFIX_HEADER = YES;
				GCC_PREFIX_HEADER = "Demo/Demo-Prefix.pch";
				GCC_PREPROCESSOR_DEFINITIONS = (
					"DEBUG=1",
					"$(inherited)",
				);
				INFOPLIST_FILE = "Demo/Demo-Info.plist";
				IPHONEOS_DEPLOYMENT_TARGET = 6.0;
				PRODUCT_NAME = "$(TARGET_NAME)";
				TARGETED_DEVICE_FAMILY = "1,2";
				WRAPPER_EXTENSION = app;
			};
			name = Debug;
		};
		CA0FB95F18F9801000BC251D /* Release */ = {
			isa = XCBuildConfiguration;
			buildSettings = {
				ASSETCATALOG_COMPILER_APPICON_NAME = AppIcon;
				ASSETCATALOG_COMPILER_LAUNCHIMAGE_NAME = LaunchImage;
				GCC_PRECOMPILE_PREFIX_HEADER = YES;
				GCC_PREFIX_HEADER = "Demo/Demo-Prefix.pch";
				GCC_PREPROCESSOR_DEFINITIONS = NS_BLOCK_ASSERTIONS;
				INFOPLIST_FILE = "Demo/Demo-Info.plist";
				IPHONEOS_DEPLOYMENT_TARGET = 6.0;
				PRODUCT_NAME = "$(TARGET_NAME)";
				TARGETED_DEVICE_FAMILY = "1,2";
				WRAPPER_EXTENSION = app;
			};
			name = Release;
		};
		CA0FB96118F9801000BC251D /* Debug */ = {
			isa = XCBuildConfiguration;
			buildSettings = {
				BUNDLE_LOADER = "$(BUILT_PRODUCTS_DIR)/Demo.app/Demo";
				FRAMEWORK_SEARCH_PATHS = (
					"$(SDKROOT)/Developer/Library/Frameworks",
					"$(inherited)",
					"$(DEVELOPER_FRAMEWORKS_DIR)",
				);
				GCC_PRECOMPILE_PREFIX_HEADER = YES;
				GCC_PREFIX_HEADER = "Demo/Demo-Prefix.pch";
				GCC_PREPROCESSOR_DEFINITIONS = (
					"DEBUG=1",
					"$(inherited)",
				);
				INFOPLIST_FILE = "DemoTests/DemoTests-Info.plist";
				PRODUCT_NAME = "$(TARGET_NAME)";
				TEST_HOST = "$(BUNDLE_LOADER)";
				WRAPPER_EXTENSION = xctest;
			};
			name = Debug;
		};
		CA0FB96218F9801000BC251D /* Release */ = {
			isa = XCBuildConfiguration;
			buildSettings = {
				BUNDLE_LOADER = "$(BUILT_PRODUCTS_DIR)/Demo.app/Demo";
				FRAMEWORK_SEARCH_PATHS = (
					"$(SDKROOT)/Developer/Library/Frameworks",
					"$(inherited)",
					"$(DEVELOPER_FRAMEWORKS_DIR)",
				);
				GCC_PRECOMPILE_PREFIX_HEADER = YES;
				GCC_PREFIX_HEADER = "Demo/Demo-Prefix.pch";
				INFOPLIST_FILE = "DemoTests/DemoTests-Info.plist";
				PRODUCT_NAME = "$(TARGET_NAME)";
				TEST_HOST = "$(BUNDLE_LOADER)";
				WRAPPER_EXTENSION = xctest;
			};
			name = Release;
		};
/* End XCBuildConfiguration section */

/* Begin XCConfigurationList section */
		CA0FB92618F9800F00BC251D /* Build configuration list for PBXProject "Demo" */ = {
			isa = XCConfigurationList;
			buildConfigurations = (
				CA0FB95B18F9801000BC251D /* Debug */,
				CA0FB95C18F9801000BC251D /* Release */,
			);
			defaultConfigurationIsVisible = 0;
			defaultConfigurationName = Release;
		};
		CA0FB95D18F9801000BC251D /* Build configuration list for PBXNativeTarget "Demo" */ = {
			isa = XCConfigurationList;
			buildConfigurations = (
				CA0FB95E18F9801000BC251D /* Debug */,
				CA0FB95F18F9801000BC251D /* Release */,
			);
			defaultConfigurationIsVisible = 0;
			defaultConfigurationName = Release;
		};
		CA0FB96018F9801000BC251D /* Build configuration list for PBXNativeTarget "DemoTests" */ = {
			isa = XCConfigurationList;
			buildConfigurations = (
				CA0FB96118F9801000BC251D /* Debug */,
				CA0FB96218F9801000BC251D /* Release */,
			);
			defaultConfigurationIsVisible = 0;
			defaultConfigurationName = Release;
		};
/* End XCConfigurationList section */

/* Begin XCVersionGroup section */
		0348925A1919D0B100A4E605 /* HNYTCoreData.xcdatamodeld */ = {
			isa = XCVersionGroup;
			children = (
				0348925B1919D0B100A4E605 /* HNYTCoreData.xcdatamodel */,
			);
			currentVersion = 0348925B1919D0B100A4E605 /* HNYTCoreData.xcdatamodel */;
			path = HNYTCoreData.xcdatamodeld;
			sourceTree = "<group>";
			versionGroupType = wrapper.xcdatamodel;
		};
/* End XCVersionGroup section */
	};
	rootObject = CA0FB92318F9800F00BC251D /* Project object */;
}
